
Microsoft Visual Studio Solution File, Format Version 12.00
# Visual Studio Version 17
VisualStudioVersion = 17.11.35327.3
MinimumVisualStudioVersion = 10.0.40219.1
Project("{FAE04EC0-301F-11D3-BF4B-00C04F79EFBC}") = "File_Watcher", "File_Watcher.csproj", "{6EE03790-9455-459A-A622-C4076046632D}"
EndProject
Global
	GlobalSection(SolutionConfigurationPlatforms) = preSolution
		Debug|Any CPU = Debug|Any CPU
		Release|Any CPU = Release|Any CPU
	EndGlobalSection
	GlobalSection(ProjectConfigurationPlatforms) = postSolution
		{6EE03790-9455-459A-A622-C4076046632D}.Debug|Any CPU.ActiveCfg = Debug|Any CPU
		{6EE03790-9455-459A-A622-C4076046632D}.Debug|Any CPU.Build.0 = Debug|Any CPU
		{6EE03790-9455-459A-A622-C4076046632D}.Release|Any CPU.ActiveCfg = Release|Any CPU
		{6EE03790-9455-459A-A622-C4076046632D}.Release|Any CPU.Build.0 = Release|Any CPU
	EndGlobalSection
	GlobalSection(SolutionProperties) = preSolution
		HideSolutionNode = FALSE
	EndGlobalSection
	GlobalSection(ExtensibilityGlobals) = postSolution
		SolutionGuid = {E44D3A29-98FE-4011-8E5C-8B88A3BBDFCC}
	EndGlobalSection
EndGlobal
